# This file is automatically @generated by Wally.
# It is not intended for manual editing.
registry = "test"

[[package]]
name = "1foreverhd/topbarplus"
version = "3.4.0"
dependencies = []

[[package]]
name = "centau/vide"
version = "0.4.0"
dependencies = []

[[package]]
name = "csqrl/sift"
version = "0.0.11"
dependencies = []

[[package]]
name = "desktop/blank-rojo-project"
version = "0.1.0"
dependencies = [["cmdr", "evaera/cmdr@1.12.0"], ["dataservice", "leifstout/dataservice@1.0.0"], ["janitor", "howmanysmall/janitor@1.18.3"], ["networker", "leifstout/networker@0.3.1"], ["promise", "evaera/promise@4.0.0"], ["rodux", "roblox/rodux@3.0.0"], ["sift", "csqrl/sift@0.0.11"], ["signal", "sleitnick/signal@2.0.3"], ["symbol", "jsdotlua/symbol@1.0.0"], ["topbarplus", "1foreverhd/topbarplus@3.4.0"], ["vide", "centau/vide@0.4.0"]]

[[package]]
name = "evaera/cmdr"
version = "1.12.0"
dependencies = []

[[package]]
name = "evaera/promise"
version = "4.0.0"
dependencies = []

[[package]]
name = "howmanysmall/janitor"
version = "1.18.3"
dependencies = [["Promise", "howmanysmall/typed-promise@4.0.6"]]

[[package]]
name = "howmanysmall/typed-promise"
version = "4.0.6"
dependencies = [["Promise", "evaera/promise@4.0.0"]]

[[package]]
name = "jsdotlua/symbol"
version = "1.0.0"
dependencies = []

[[package]]
name = "leifstout/dataservice"
version = "1.0.0"
dependencies = [["Janitor", "howmanysmall/janitor@1.18.3"], ["Networker", "leifstout/networker@0.3.1"], ["ProfileStore", "lm-loleris/profilestore@1.0.3"], ["Signal", "sleitnick/signal@2.0.3"]]

[[package]]
name = "leifstout/networker"
version = "0.3.1"
dependencies = [["Signal", "sleitnick/signal@2.0.3"]]

[[package]]
name = "lm-loleris/profilestore"
version = "1.0.3"
dependencies = []

[[package]]
name = "roblox/rodux"
version = "3.0.0"
dependencies = []

[[package]]
name = "sleitnick/signal"
version = "2.0.3"
dependencies = []
